
Microsoft Visual Studio Solution File, Format Version 12.00
# Visual Studio 15
VisualStudioVersion = 15.0.28010.2026
MinimumVisualStudioVersion = 10.0.40219.1
Project("{FAE04EC0-301F-11D3-BF4B-00C04F79EFBC}") = "panyi", "panyi\panyi.csproj", "{77165422-1B2A-49C5-9160-CFCCF95F0B3C}"
EndProject
Project("{2150E333-8FDC-42A3-9474-1A3956D46DE8}") = "Repository Items", "Repository Items", "{44427E50-4FB7-4990-9E9D-AE4BD086588D}"
	ProjectSection(SolutionItems) = preProject
		COPYING = COPYING
		README.md = README.md
	EndProjectSection
EndProject
Global
	GlobalSection(SolutionConfigurationPlatforms) = preSolution
		Debug|Any CPU = Debug|Any CPU
		Release|Any CPU = Release|Any CPU
	EndGlobalSection
	GlobalSection(ProjectConfigurationPlatforms) = postSolution
		{77165422-1B2A-49C5-9160-CFCCF95F0B3C}.Debug|Any CPU.ActiveCfg = Debug|Any CPU
		{77165422-1B2A-49C5-9160-CFCCF95F0B3C}.Debug|Any CPU.Build.0 = Debug|Any CPU
		{77165422-1B2A-49C5-9160-CFCCF95F0B3C}.Release|Any CPU.ActiveCfg = Release|Any CPU
		{77165422-1B2A-49C5-9160-CFCCF95F0B3C}.Release|Any CPU.Build.0 = Release|Any CPU
	EndGlobalSection
	GlobalSection(SolutionProperties) = preSolution
		HideSolutionNode = FALSE
	EndGlobalSection
	GlobalSection(ExtensibilityGlobals) = postSolution
		SolutionGuid = {9679A083-C032-4E76-909E-46C17B1EB32F}
	EndGlobalSection
EndGlobal
